// !$*UTF8*$!
{
	archiveVersion = 1;
	classes = {
	};
	objectVersion = 48;
	objects = {

/* Begin PBXBuildFile section */
		DA3721B51FCE618900DDF525 /* AppDelegate.m in Sources */ = {isa = PBXBuildFile; fileRef = DA3721B41FCE618900DDF525 /* AppDelegate.m */; };
		DA3721B81FCE618900DDF525 /* ViewController.m in Sources */ = {isa = PBXBuildFile; fileRef = DA3721B71FCE618900DDF525 /* ViewController.m */; };
		DA3721BB1FCE618900DDF525 /* Main.storyboard in Resources */ = {isa = PBXBuildFile; fileRef = DA3721B91FCE618900DDF525 /* Main.storyboard */; };
		DA3721BD1FCE618A00DDF525 /* Assets.xcassets in Resources */ = {isa = PBXBuildFile; fileRef = DA3721BC1FCE618A00DDF525 /* Assets.xcassets */; };
		DA3721C01FCE618A00DDF525 /* LaunchScreen.storyboard in Resources */ = {isa = PBXBuildFile; fileRef = DA3721BE1FCE618A00DDF525 /* LaunchScreen.storyboard */; };
		DA3721C31FCE618A00DDF525 /* main.m in Sources */ = {isa = PBXBuildFile; fileRef = DA3721C21FCE618A00DDF525 /* main.m */; };
		DA3721CC1FCE61C200DDF525 /* BasePickerView.m in Sources */ = {isa = PBXBuildFile; fileRef = DA3721CB1FCE61C200DDF525 /* BasePickerView.m */; };
		DA3721CF1FCE945400DDF525 /* SinglePickerView.m in Sources */ = {isa = PBXBuildFile; fileRef = DA3721CE1FCE945400DDF525 /* SinglePickerView.m */; };
		DA3721D21FCE9C1C00DDF525 /* JWAddressPickerView.m in Sources */ = {isa = PBXBuildFile; fileRef = DA3721D11FCE9C1C00DDF525 /* JWAddressPickerView.m */; };
		DA3721D41FCE9C5800DDF525 /* JWAddress.plist in Resources */ = {isa = PBXBuildFile; fileRef = DA3721D31FCE9C5800DDF525 /* JWAddress.plist */; };
/* End PBXBuildFile section */

/* Begin PBXFileReference section */
		DA3721B01FCE618900DDF525 /* PickerView.app */ = {isa = PBXFileReference; explicitFileType = wrapper.application; includeInIndex = 0; path = PickerView.app; sourceTree = BUILT_PRODUCTS_DIR; };
		DA3721B31FCE618900DDF525 /* AppDelegate.h */ = {isa = PBXFileReference; lastKnownFileType = sourcecode.c.h; path = AppDelegate.h; sourceTree = "<group>"; };
		DA3721B41FCE618900DDF525 /* AppDelegate.m */ = {isa = PBXFileReference; lastKnownFileType = sourcecode.c.objc; path = AppDelegate.m; sourceTree = "<group>"; };
		DA3721B61FCE618900DDF525 /* ViewController.h */ = {isa = PBXFileReference; lastKnownFileType = sourcecode.c.h; path = ViewController.h; sourceTree = "<group>"; };
		DA3721B71FCE618900DDF525 /* ViewController.m */ = {isa = PBXFileReference; lastKnownFileType = sourcecode.c.objc; path = ViewController.m; sourceTree = "<group>"; };
		DA3721BA1FCE618900DDF525 /* Base */ = {isa = PBXFileReference; lastKnownFileType = file.storyboard; name = Base; path = Base.lproj/Main.storyboard; sourceTree = "<group>"; };
		DA3721BC1FCE618A00DDF525 /* Assets.xcassets */ = {isa = PBXFileReference; lastKnownFileType = folder.assetcatalog; path = Assets.xcassets; sourceTree = "<group>"; };
		DA3721BF1FCE618A00DDF525 /* Base */ = {isa = PBXFileReference; lastKnownFileType = file.storyboard; name = Base; path = Base.lproj/LaunchScreen.storyboard; sourceTree = "<group>"; };
		DA3721C11FCE618A00DDF525 /* Info.plist */ = {isa = PBXFileReference; lastKnownFileType = text.plist.xml; path = Info.plist; sourceTree = "<group>"; };
		DA3721C21FCE618A00DDF525 /* main.m */ = {isa = PBXFileReference; lastKnownFileType = sourcecode.c.objc; path = main.m; sourceTree = "<group>"; };
		DA3721CA1FCE61C200DDF525 /* BasePickerView.h */ = {isa = PBXFileReference; lastKnownFileType = sourcecode.c.h; path = BasePickerView.h; sourceTree = "<group>"; };
		DA3721CB1FCE61C200DDF525 /* BasePickerView.m */ = {isa = PBXFileReference; lastKnownFileType = sourcecode.c.objc; path = BasePickerView.m; sourceTree = "<group>"; };
		DA3721CD1FCE945400DDF525 /* SinglePickerView.h */ = {isa = PBXFileReference; lastKnownFileType = sourcecode.c.h; path = SinglePickerView.h; sourceTree = "<group>"; };
		DA3721CE1FCE945400DDF525 /* SinglePickerView.m */ = {isa = PBXFileReference; lastKnownFileType = sourcecode.c.objc; path = SinglePickerView.m; sourceTree = "<group>"; };
		DA3721D01FCE9C1C00DDF525 /* JWAddressPickerView.h */ = {isa = PBXFileReference; lastKnownFileType = sourcecode.c.h; path = JWAddressPickerView.h; sourceTree = "<group>"; };
		DA3721D11FCE9C1C00DDF525 /* JWAddressPickerView.m */ = {isa = PBXFileReference; lastKnownFileType = sourcecode.c.objc; path = JWAddressPickerView.m; sourceTree = "<group>"; };
		DA3721D31FCE9C5800DDF525 /* JWAddress.plist */ = {isa = PBXFileReference; fileEncoding = 4; lastKnownFileType = text.plist.xml; path = JWAddress.plist; sourceTree = "<group>"; };
/* End PBXFileReference section */

/* Begin PBXFrameworksBuildPhase section */
		DA3721AD1FCE618900DDF525 /* Frameworks */ = {
			isa = PBXFrameworksBuildPhase;
			buildActionMask = 2147483647;
			files = (
			);
			runOnlyForDeploymentPostprocessing = 0;
		};
/* End PBXFrameworksBuildPhase section */

/* Begin PBXGroup section */
		DA3721A71FCE618900DDF525 = {
			isa = PBXGroup;
			children = (
				DA3721B21FCE618900DDF525 /* PickerView */,
				DA3721B11FCE618900DDF525 /* Products */,
			);
			sourceTree = "<group>";
		};
		DA3721B11FCE618900DDF525 /* Products */ = {
			isa = PBXGroup;
			children = (
				DA3721B01FCE618900DDF525 /* PickerView.app */,
			);
			name = Products;
			sourceTree = "<group>";
		};
		DA3721B21FCE618900DDF525 /* PickerView */ = {
			isa = PBXGroup;
			children = (
				DA3721B31FCE618900DDF525 /* AppDelegate.h */,
				DA3721B41FCE618900DDF525 /* AppDelegate.m */,
				DA3721B61FCE618900DDF525 /* ViewController.h */,
				DA3721B71FCE618900DDF525 /* ViewController.m */,
				DA3721C91FCE619F00DDF525 /* PickerView */,
				DA3721B91FCE618900DDF525 /* Main.storyboard */,
				DA3721BC1FCE618A00DDF525 /* Assets.xcassets */,
				DA3721BE1FCE618A00DDF525 /* LaunchScreen.storyboard */,
				DA3721C11FCE618A00DDF525 /* Info.plist */,
				DA3721C21FCE618A00DDF525 /* main.m */,
			);
			path = PickerView;
			sourceTree = "<group>";
		};
		DA3721C91FCE619F00DDF525 /* PickerView */ = {
			isa = PBXGroup;
			children = (
				DA3721CA1FCE61C200DDF525 /* BasePickerView.h */,
				DA3721CB1FCE61C200DDF525 /* BasePickerView.m */,
				DA3721CD1FCE945400DDF525 /* SinglePickerView.h */,
				DA3721CE1FCE945400DDF525 /* SinglePickerView.m */,
				DA3721D01FCE9C1C00DDF525 /* JWAddressPickerView.h */,
				DA3721D11FCE9C1C00DDF525 /* JWAddressPickerView.m */,
				DA3721D31FCE9C5800DDF525 /* JWAddress.plist */,
			);
			path = PickerView;
			sourceTree = "<group>";
		};
/* End PBXGroup section */

/* Begin PBXNativeTarget section */
		DA3721AF1FCE618900DDF525 /* PickerView */ = {
			isa = PBXNativeTarget;
			buildConfigurationList = DA3721C61FCE618A00DDF525 /* Build configuration list for PBXNativeTarget "PickerView" */;
			buildPhases = (
				DA3721AC1FCE618900DDF525 /* Sources */,
				DA3721AD1FCE618900DDF525 /* Frameworks */,
				DA3721AE1FCE618900DDF525 /* Resources */,
			);
			buildRules = (
			);
			dependencies = (
			);
			name = PickerView;
			productName = PickerView;
			productReference = DA3721B01FCE618900DDF525 /* PickerView.app */;
			productType = "com.apple.product-type.application";
		};
/* End PBXNativeTarget section */

/* Begin PBXProject section */
		DA3721A81FCE618900DDF525 /* Project object */ = {
			isa = PBXProject;
			attributes = {
				LastUpgradeCheck = 0910;
				ORGANIZATIONNAME = jw;
				TargetAttributes = {
					DA3721AF1FCE618900DDF525 = {
						CreatedOnToolsVersion = 9.1;
						ProvisioningStyle = Manual;
					};
				};
			};
			buildConfigurationList = DA3721AB1FCE618900DDF525 /* Build configuration list for PBXProject "PickerView" */;
			compatibilityVersion = "Xcode 8.0";
			developmentRegion = en;
			hasScannedForEncodings = 0;
			knownRegions = (
				en,
				Base,
			);
			mainGroup = DA3721A71FCE618900DDF525;
			productRefGroup = DA3721B11FCE618900DDF525 /* Products */;
			projectDirPath = "";
			projectRoot = "";
			targets = (
				DA3721AF1FCE618900DDF525 /* PickerView */,
			);
		};
/* End PBXProject section */

/* Begin PBXResourcesBuildPhase section */
		DA3721AE1FCE618900DDF525 /* Resources */ = {
			isa = PBXResourcesBuildPhase;
			buildActionMask = 2147483647;
			files = (
				DA3721D41FCE9C5800DDF525 /* JWAddress.plist in Resources */,
				DA3721C01FCE618A00DDF525 /* LaunchScreen.storyboard in Resources */,
				DA3721BD1FCE618A00DDF525 /* Assets.xcassets in Resources */,
				DA3721BB1FCE618900DDF525 /* Main.storyboard in Resources */,
			);
			runOnlyForDeploymentPostprocessing = 0;
		};
/* End PBXResourcesBuildPhase section */

/* Begin PBXSourcesBuildPhase section */
		DA3721AC1FCE618900DDF525 /* Sources */ = {
			isa = PBXSourcesBuildPhase;
			buildActionMask = 2147483647;
			files = (
				DA3721B81FCE618900DDF525 /* ViewController.m in Sources */,
				DA3721CF1FCE945400DDF525 /* SinglePickerView.m in Sources */,
				DA3721C31FCE618A00DDF525 /* main.m in Sources */,
				DA3721D21FCE9C1C00DDF525 /* JWAddressPickerView.m in Sources */,
				DA3721B51FCE618900DDF525 /* AppDelegate.m in Sources */,
				DA3721CC1FCE61C200DDF525 /* BasePickerView.m in Sources */,
			);
			runOnlyForDeploymentPostprocessing = 0;
		};
/* End PBXSourcesBuildPhase section */

/* Begin PBXVariantGroup section */
		DA3721B91FCE618900DDF525 /* Main.storyboard */ = {
			isa = PBXVariantGroup;
			children = (
				DA3721BA1FCE618900DDF525 /* Base */,
			);
			name = Main.storyboard;
			sourceTree = "<group>";
		};
		DA3721BE1FCE618A00DDF525 /* LaunchScreen.storyboard */ = {
			isa = PBXVariantGroup;
			children = (
				DA3721BF1FCE618A00DDF525 /* Base */,
			);
			name = LaunchScreen.storyboard;
			sourceTree = "<group>";
		};
/* End PBXVariantGroup section */

/* Begin XCBuildConfiguration section */
		DA3721C41FCE618A00DDF525 /* Debug */ = {
			isa = XCBuildConfiguration;
			buildSettings = {
				ALWAYS_SEARCH_USER_PATHS = NO;
				CLANG_ANALYZER_NONNULL = YES;
				CLANG_ANALYZER_NUMBER_OBJECT_CONVERSION = YES_AGGRESSIVE;
				CLANG_CXX_LANGUAGE_STANDARD = "gnu++14";
				CLANG_CXX_LIBRARY = "libc++";
				CLANG_ENABLE_MODULES = YES;
				CLANG_ENABLE_OBJC_ARC = YES;
				CLANG_WARN_BLOCK_CAPTURE_AUTORELEASING = YES;
				CLANG_WARN_BOOL_CONVERSION = YES;
				CLANG_WARN_COMMA = YES;
				CLANG_WARN_CONSTANT_CONVERSION = YES;
				CLANG_WARN_DIRECT_OBJC_ISA_USAGE = YES_ERROR;
				CLANG_WARN_DOCUMENTATION_COMMENTS = YES;
				CLANG_WARN_EMPTY_BODY = YES;
				CLANG_WARN_ENUM_CONVERSION = YES;
				CLANG_WARN_INFINITE_RECURSION = YES;
				CLANG_WARN_INT_CONVERSION = YES;
				CLANG_WARN_NON_LITERAL_NULL_CONVERSION = YES;
				CLANG_WARN_OBJC_LITERAL_CONVERSION = YES;
				CLANG_WARN_OBJC_ROOT_CLASS = YES_ERROR;
				CLANG_WARN_RANGE_LOOP_ANALYSIS = YES;
				CLANG_WARN_STRICT_PROTOTYPES = YES;
				CLANG_WARN_SUSPICIOUS_MOVE = YES;
				CLANG_WARN_UNGUARDED_AVAILABILITY = YES_AGGRESSIVE;
				CLANG_WARN_UNREACHABLE_CODE = YES;
				CLANG_WARN__DUPLICATE_METHOD_MATCH = YES;
				CODE_SIGN_IDENTITY = "iPhone Developer";
				COPY_PHASE_STRIP = NO;
				DEBUG_INFORMATION_FORMAT = dwarf;
				ENABLE_STRICT_OBJC_MSGSEND = YES;
				ENABLE_TESTABILITY = YES;
				GCC_C_LANGUAGE_STANDARD = gnu11;
				GCC_DYNAMIC_NO_PIC = NO;
				GCC_NO_COMMON_BLOCKS = YES;
				GCC_OPTIMIZATION_LEVEL = 0;
				GCC_PREPROCESSOR_DEFINITIONS = (
					"DEBUG=1",
					"$(inherited)",
				);
				GCC_WARN_64_TO_32_BIT_CONVERSION = YES;
				GCC_WARN_ABOUT_RETURN_TYPE = YES_ERROR;
				GCC_WARN_UNDECLARED_SELECTOR = YES;
				GCC_WARN_UNINITIALIZED_AUTOS = YES_AGGRESSIVE;
				GCC_WARN_UNUSED_FUNCTION = YES;
				GCC_WARN_UNUSED_VARIABLE = YES;
				IPHONEOS_DEPLOYMENT_TARGET = 11.1;
				MTL_ENABLE_DEBUG_INFO = YES;
				ONLY_ACTIVE_ARCH = YES;
				SDKROOT = iphoneos;
			};
			name = Debug;
		};
		DA3721C51FCE618A00DDF525 /* Release */ = {
			isa = XCBuildConfiguration;
			buildSettings = {
				ALWAYS_SEARCH_USER_PATHS = NO;
				CLANG_ANALYZER_NONNULL = YES;
				CLANG_ANALYZER_NUMBER_OBJECT_CONVERSION = YES_AGGRESSIVE;
				CLANG_CXX_LANGUAGE_STANDARD = "gnu++14";
				CLANG_CXX_LIBRARY = "libc++";
				CLANG_ENABLE_MODULES = YES;
				CLANG_ENABLE_OBJC_ARC = YES;
				CLANG_WARN_BLOCK_CAPTURE_AUTORELEASING = YES;
				CLANG_WARN_BOOL_CONVERSION = YES;
				CLANG_WARN_COMMA = YES;
				CLANG_WARN_CONSTANT_CONVERSION = YES;
				CLANG_WARN_DIRECT_OBJC_ISA_USAGE = YES_ERROR;
				CLANG_WARN_DOCUMENTATION_COMMENTS = YES;
				CLANG_WARN_EMPTY_BODY = YES;
				CLANG_WARN_ENUM_CONVERSION = YES;
				CLANG_WARN_INFINITE_RECURSION = YES;
				CLANG_WARN_INT_CONVERSION = YES;
				CLANG_WARN_NON_LITERAL_NULL_CONVERSION = YES;
				CLANG_WARN_OBJC_LITERAL_CONVERSION = YES;
				CLANG_WARN_OBJC_ROOT_CLASS = YES_ERROR;
				CLANG_WARN_RANGE_LOOP_ANALYSIS = YES;
				CLANG_WARN_STRICT_PROTOTYPES = YES;
				CLANG_WARN_SUSPICIOUS_MOVE = YES;
				CLANG_WARN_UNGUARDED_AVAILABILITY = YES_AGGRESSIVE;
				CLANG_WARN_UNREACHABLE_CODE = YES;
				CLANG_WARN__DUPLICATE_METHOD_MATCH = YES;
				CODE_SIGN_IDENTITY = "iPhone Developer";
				COPY_PHASE_STRIP = NO;
				DEBUG_INFORMATION_FORMAT = "dwarf-with-dsym";
				ENABLE_NS_ASSERTIONS = NO;
				ENABLE_STRICT_OBJC_MSGSEND = YES;
				GCC_C_LANGUAGE_STANDARD = gnu11;
				GCC_NO_COMMON_BLOCKS = YES;
				GCC_WARN_64_TO_32_BIT_CONVERSION = YES;
				GCC_WARN_ABOUT_RETURN_TYPE = YES_ERROR;
				GCC_WARN_UNDECLARED_SELECTOR = YES;
				GCC_WARN_UNINITIALIZED_AUTOS = YES_AGGRESSIVE;
				GCC_WARN_UNUSED_FUNCTION = YES;
				GCC_WARN_UNUSED_VARIABLE = YES;
				IPHONEOS_DEPLOYMENT_TARGET = 11.1;
				MTL_ENABLE_DEBUG_INFO = NO;
				SDKROOT = iphoneos;
				VALIDATE_PRODUCT = YES;
			};
			name = Release;
		};
		DA3721C71FCE618A00DDF525 /* Debug */ = {
			isa = XCBuildConfiguration;
			buildSettings = {
				ASSETCATALOG_COMPILER_APPICON_NAME = AppIcon;
				CODE_SIGN_STYLE = Manual;
				DEVELOPMENT_TEAM = "";
				INFOPLIST_FILE = PickerView/Info.plist;
				LD_RUNPATH_SEARCH_PATHS = "$(inherited) @executable_path/Frameworks";
				PRODUCT_BUNDLE_IDENTIFIER = jw.PickerView;
				PRODUCT_NAME = "$(TARGET_NAME)";
				PROVISIONING_PROFILE_SPECIFIER = "";
				TARGETED_DEVICE_FAMILY = "1,2";
			};
			name = Debug;
		};
		DA3721C81FCE618A00DDF525 /* Release */ = {
			isa = XCBuildConfiguration;
			buildSettings = {
				ASSETCATALOG_COMPILER_APPICON_NAME = AppIcon;
				CODE_SIGN_STYLE = Manual;
				DEVELOPMENT_TEAM = "";
				INFOPLIST_FILE = PickerView/Info.plist;
				LD_RUNPATH_SEARCH_PATHS = "$(inherited) @executable_path/Frameworks";
				PRODUCT_BUNDLE_IDENTIFIER = jw.PickerView;
				PRODUCT_NAME = "$(TARGET_NAME)";
				PROVISIONING_PROFILE_SPECIFIER = "";
				TARGETED_DEVICE_FAMILY = "1,2";
			};
			name = Release;
		};
/* End XCBuildConfiguration section */

/* Begin XCConfigurationList section */
		DA3721AB1FCE618900DDF525 /* Build configuration list for PBXProject "PickerView" */ = {
			isa = XCConfigurationList;
			buildConfigurations = (
				DA3721C41FCE618A00DDF525 /* Debug */,
				DA3721C51FCE618A00DDF525 /* Release */,
			);
			defaultConfigurationIsVisible = 0;
			defaultConfigurationName = Release;
		};
		DA3721C61FCE618A00DDF525 /* Build configuration list for PBXNativeTarget "PickerView" */ = {
			isa = XCConfigurationList;
			buildConfigurations = (
				DA3721C71FCE618A00DDF525 /* Debug */,
				DA3721C81FCE618A00DDF525 /* Release */,
			);
			defaultConfigurationIsVisible = 0;
			defaultConfigurationName = Release;
		};
/* End XCConfigurationList section */
	};
	rootObject = DA3721A81FCE618900DDF525 /* Project object */;
}
